
Microsoft Visual Studio Solution File, Format Version 12.00
# Visual Studio Version 17
VisualStudioVersion = 17.0.31903.59
MinimumVisualStudioVersion = 10.0.40219.1
Project("{FAE04EC0-301F-11D3-BF4B-00C04F79EFBC}") = "CaptainCoder.SnakeGame", "SnakeGame\CaptainCoder.SnakeGame.csproj", "{9F81BF27-852B-479C-B990-8302F1135E15}"
EndProject
Project("{FAE04EC0-301F-11D3-BF4B-00C04F79EFBC}") = "CaptainCoder.SnakeGame.Tests", "SnakeGame.Tests\CaptainCoder.SnakeGame.Tests.csproj", "{8D0B9DA4-41C4-4F9E-89F8-F85A5331497C}"
EndProject
Global
	GlobalSection(SolutionConfigurationPlatforms) = preSolution
		Debug|Any CPU = Debug|Any CPU
		Release|Any CPU = Release|Any CPU
	EndGlobalSection
	GlobalSection(SolutionProperties) = preSolution
		HideSolutionNode = FALSE
	EndGlobalSection
	GlobalSection(ProjectConfigurationPlatforms) = postSolution
		{9F81BF27-852B-479C-B990-8302F1135E15}.Debug|Any CPU.ActiveCfg = Debug|Any CPU
		{9F81BF27-852B-479C-B990-8302F1135E15}.Debug|Any CPU.Build.0 = Debug|Any CPU
		{9F81BF27-852B-479C-B990-8302F1135E15}.Release|Any CPU.ActiveCfg = Release|Any CPU
		{9F81BF27-852B-479C-B990-8302F1135E15}.Release|Any CPU.Build.0 = Release|Any CPU
		{8D0B9DA4-41C4-4F9E-89F8-F85A5331497C}.Debug|Any CPU.ActiveCfg = Debug|Any CPU
		{8D0B9DA4-41C4-4F9E-89F8-F85A5331497C}.Debug|Any CPU.Build.0 = Debug|Any CPU
		{8D0B9DA4-41C4-4F9E-89F8-F85A5331497C}.Release|Any CPU.ActiveCfg = Release|Any CPU
		{8D0B9DA4-41C4-4F9E-89F8-F85A5331497C}.Release|Any CPU.Build.0 = Release|Any CPU
	EndGlobalSection
EndGlobal
